
Microsoft Visual Studio Solution File, Format Version 12.00
# Visual Studio Version 17
VisualStudioVersion = 17.0.31903.59
MinimumVisualStudioVersion = 10.0.40219.1
Project("{2150E333-8FDC-42A3-9474-1A3956D46DE8}") = "backend", "backend", "{1AE8ACA6-933B-BF2A-3671-3E2EAC007D16}"
EndProject
Project("{2150E333-8FDC-42A3-9474-1A3956D46DE8}") = "src", "src", "{0F9113EE-888A-26D2-68B0-4A7D0A2A8745}"
EndProject
Project("{FAE04EC0-301F-11D3-BF4B-00C04F79EFBC}") = "Po.PoDropSquare.Api", "backend\src\Po.PoDropSquare.Api\Po.PoDropSquare.Api.csproj", "{EEE56C0D-9DF2-41BE-9FBA-6CBDE6DB73AC}"
EndProject
Project("{FAE04EC0-301F-11D3-BF4B-00C04F79EFBC}") = "Po.PoDropSquare.Core", "backend\src\Po.PoDropSquare.Core\Po.PoDropSquare.Core.csproj", "{CD62384C-D935-4B5D-9929-F127520FAC7F}"
EndProject
Project("{FAE04EC0-301F-11D3-BF4B-00C04F79EFBC}") = "Po.PoDropSquare.Data", "backend\src\Po.PoDropSquare.Data\Po.PoDropSquare.Data.csproj", "{E077252B-9387-4420-B5BD-C6D1AA545ECC}"
EndProject
Project("{FAE04EC0-301F-11D3-BF4B-00C04F79EFBC}") = "Po.PoDropSquare.Services", "backend\src\Po.PoDropSquare.Services\Po.PoDropSquare.Services.csproj", "{9E58BF09-0D32-440D-87D6-1C918EDF3161}"
EndProject
Project("{2150E333-8FDC-42A3-9474-1A3956D46DE8}") = "frontend", "frontend", "{CE609670-85B9-0D16-FB54-ED063D5D8A6D}"
EndProject
Project("{2150E333-8FDC-42A3-9474-1A3956D46DE8}") = "src", "src", "{E40BF17A-E631-09D5-7889-66BEE0F9AB0F}"
EndProject
Project("{FAE04EC0-301F-11D3-BF4B-00C04F79EFBC}") = "Po.PoDropSquare.Blazor", "frontend\src\Po.PoDropSquare.Blazor\Po.PoDropSquare.Blazor.csproj", "{9346D0D6-08FC-4FBE-8BA0-C67D3141BFDE}"
EndProject
Project("{2150E333-8FDC-42A3-9474-1A3956D46DE8}") = "tests", "tests", "{F57642F3-C37C-D174-720E-6A6AAD5BEE22}"
EndProject
Project("{FAE04EC0-301F-11D3-BF4B-00C04F79EFBC}") = "Po.PoDropSquare.Api.Tests", "backend\tests\Po.PoDropSquare.Api.Tests\Po.PoDropSquare.Api.Tests.csproj", "{DA5DD0A4-21CD-406D-913F-6489D7E57406}"
EndProject
Project("{FAE04EC0-301F-11D3-BF4B-00C04F79EFBC}") = "Po.PoDropSquare.Core.Tests", "backend\tests\Po.PoDropSquare.Core.Tests\Po.PoDropSquare.Core.Tests.csproj", "{3D31BD49-0383-4543-8485-9A7A10F25BDB}"
EndProject
Project("{2150E333-8FDC-42A3-9474-1A3956D46DE8}") = "tests", "tests", "{582FDB09-C0FC-D983-E123-58781FC5EDAF}"
EndProject
# Temporarily disabled due to component interface changes
# Project("{FAE04EC0-301F-11D3-BF4B-00C04F79EFBC}") = "Po.PoDropSquare.Blazor.Tests", "frontend\tests\Po.PoDropSquare.Blazor.Tests\Po.PoDropSquare.Blazor.Tests.csproj", "{21642C52-432A-40A5-AF70-DB1298D0CA2C}"
# EndProject
Global
	GlobalSection(SolutionConfigurationPlatforms) = preSolution
		Debug|Any CPU = Debug|Any CPU
		Debug|x64 = Debug|x64
		Debug|x86 = Debug|x86
		Release|Any CPU = Release|Any CPU
		Release|x64 = Release|x64
		Release|x86 = Release|x86
	EndGlobalSection
	GlobalSection(ProjectConfigurationPlatforms) = postSolution
		{EEE56C0D-9DF2-41BE-9FBA-6CBDE6DB73AC}.Debug|Any CPU.ActiveCfg = Debug|Any CPU
		{EEE56C0D-9DF2-41BE-9FBA-6CBDE6DB73AC}.Debug|Any CPU.Build.0 = Debug|Any CPU
		{EEE56C0D-9DF2-41BE-9FBA-6CBDE6DB73AC}.Debug|x64.ActiveCfg = Debug|Any CPU
		{EEE56C0D-9DF2-41BE-9FBA-6CBDE6DB73AC}.Debug|x64.Build.0 = Debug|Any CPU
		{EEE56C0D-9DF2-41BE-9FBA-6CBDE6DB73AC}.Debug|x86.ActiveCfg = Debug|Any CPU
		{EEE56C0D-9DF2-41BE-9FBA-6CBDE6DB73AC}.Debug|x86.Build.0 = Debug|Any CPU
		{EEE56C0D-9DF2-41BE-9FBA-6CBDE6DB73AC}.Release|Any CPU.ActiveCfg = Release|Any CPU
		{EEE56C0D-9DF2-41BE-9FBA-6CBDE6DB73AC}.Release|Any CPU.Build.0 = Release|Any CPU
		{EEE56C0D-9DF2-41BE-9FBA-6CBDE6DB73AC}.Release|x64.ActiveCfg = Release|Any CPU
		{EEE56C0D-9DF2-41BE-9FBA-6CBDE6DB73AC}.Release|x64.Build.0 = Release|Any CPU
		{EEE56C0D-9DF2-41BE-9FBA-6CBDE6DB73AC}.Release|x86.ActiveCfg = Release|Any CPU
		{EEE56C0D-9DF2-41BE-9FBA-6CBDE6DB73AC}.Release|x86.Build.0 = Release|Any CPU
		{CD62384C-D935-4B5D-9929-F127520FAC7F}.Debug|Any CPU.ActiveCfg = Debug|Any CPU
		{CD62384C-D935-4B5D-9929-F127520FAC7F}.Debug|Any CPU.Build.0 = Debug|Any CPU
		{CD62384C-D935-4B5D-9929-F127520FAC7F}.Debug|x64.ActiveCfg = Debug|Any CPU
		{CD62384C-D935-4B5D-9929-F127520FAC7F}.Debug|x64.Build.0 = Debug|Any CPU
		{CD62384C-D935-4B5D-9929-F127520FAC7F}.Debug|x86.ActiveCfg = Debug|Any CPU
		{CD62384C-D935-4B5D-9929-F127520FAC7F}.Debug|x86.Build.0 = Debug|Any CPU
		{CD62384C-D935-4B5D-9929-F127520FAC7F}.Release|Any CPU.ActiveCfg = Release|Any CPU
		{CD62384C-D935-4B5D-9929-F127520FAC7F}.Release|Any CPU.Build.0 = Release|Any CPU
		{CD62384C-D935-4B5D-9929-F127520FAC7F}.Release|x64.ActiveCfg = Release|Any CPU
		{CD62384C-D935-4B5D-9929-F127520FAC7F}.Release|x64.Build.0 = Release|Any CPU
		{CD62384C-D935-4B5D-9929-F127520FAC7F}.Release|x86.ActiveCfg = Release|Any CPU
		{CD62384C-D935-4B5D-9929-F127520FAC7F}.Release|x86.Build.0 = Release|Any CPU
		{E077252B-9387-4420-B5BD-C6D1AA545ECC}.Debug|Any CPU.ActiveCfg = Debug|Any CPU
		{E077252B-9387-4420-B5BD-C6D1AA545ECC}.Debug|Any CPU.Build.0 = Debug|Any CPU
		{E077252B-9387-4420-B5BD-C6D1AA545ECC}.Debug|x64.ActiveCfg = Debug|Any CPU
		{E077252B-9387-4420-B5BD-C6D1AA545ECC}.Debug|x64.Build.0 = Debug|Any CPU
		{E077252B-9387-4420-B5BD-C6D1AA545ECC}.Debug|x86.ActiveCfg = Debug|Any CPU
		{E077252B-9387-4420-B5BD-C6D1AA545ECC}.Debug|x86.Build.0 = Debug|Any CPU
		{E077252B-9387-4420-B5BD-C6D1AA545ECC}.Release|Any CPU.ActiveCfg = Release|Any CPU
		{E077252B-9387-4420-B5BD-C6D1AA545ECC}.Release|Any CPU.Build.0 = Release|Any CPU
		{E077252B-9387-4420-B5BD-C6D1AA545ECC}.Release|x64.ActiveCfg = Release|Any CPU
		{E077252B-9387-4420-B5BD-C6D1AA545ECC}.Release|x64.Build.0 = Release|Any CPU
		{E077252B-9387-4420-B5BD-C6D1AA545ECC}.Release|x86.ActiveCfg = Release|Any CPU
		{E077252B-9387-4420-B5BD-C6D1AA545ECC}.Release|x86.Build.0 = Release|Any CPU
		{9E58BF09-0D32-440D-87D6-1C918EDF3161}.Debug|Any CPU.ActiveCfg = Debug|Any CPU
		{9E58BF09-0D32-440D-87D6-1C918EDF3161}.Debug|Any CPU.Build.0 = Debug|Any CPU
		{9E58BF09-0D32-440D-87D6-1C918EDF3161}.Debug|x64.ActiveCfg = Debug|Any CPU
		{9E58BF09-0D32-440D-87D6-1C918EDF3161}.Debug|x64.Build.0 = Debug|Any CPU
		{9E58BF09-0D32-440D-87D6-1C918EDF3161}.Debug|x86.ActiveCfg = Debug|Any CPU
		{9E58BF09-0D32-440D-87D6-1C918EDF3161}.Debug|x86.Build.0 = Debug|Any CPU
		{9E58BF09-0D32-440D-87D6-1C918EDF3161}.Release|Any CPU.ActiveCfg = Release|Any CPU
		{9E58BF09-0D32-440D-87D6-1C918EDF3161}.Release|Any CPU.Build.0 = Release|Any CPU
		{9E58BF09-0D32-440D-87D6-1C918EDF3161}.Release|x64.ActiveCfg = Release|Any CPU
		{9E58BF09-0D32-440D-87D6-1C918EDF3161}.Release|x64.Build.0 = Release|Any CPU
		{9E58BF09-0D32-440D-87D6-1C918EDF3161}.Release|x86.ActiveCfg = Release|Any CPU
		{9E58BF09-0D32-440D-87D6-1C918EDF3161}.Release|x86.Build.0 = Release|Any CPU
		{9346D0D6-08FC-4FBE-8BA0-C67D3141BFDE}.Debug|Any CPU.ActiveCfg = Debug|Any CPU
		{9346D0D6-08FC-4FBE-8BA0-C67D3141BFDE}.Debug|Any CPU.Build.0 = Debug|Any CPU
		{9346D0D6-08FC-4FBE-8BA0-C67D3141BFDE}.Debug|x64.ActiveCfg = Debug|Any CPU
		{9346D0D6-08FC-4FBE-8BA0-C67D3141BFDE}.Debug|x64.Build.0 = Debug|Any CPU
		{9346D0D6-08FC-4FBE-8BA0-C67D3141BFDE}.Debug|x86.ActiveCfg = Debug|Any CPU
		{9346D0D6-08FC-4FBE-8BA0-C67D3141BFDE}.Debug|x86.Build.0 = Debug|Any CPU
		{9346D0D6-08FC-4FBE-8BA0-C67D3141BFDE}.Release|Any CPU.ActiveCfg = Release|Any CPU
		{9346D0D6-08FC-4FBE-8BA0-C67D3141BFDE}.Release|Any CPU.Build.0 = Release|Any CPU
		{9346D0D6-08FC-4FBE-8BA0-C67D3141BFDE}.Release|x64.ActiveCfg = Release|Any CPU
		{9346D0D6-08FC-4FBE-8BA0-C67D3141BFDE}.Release|x64.Build.0 = Release|Any CPU
		{9346D0D6-08FC-4FBE-8BA0-C67D3141BFDE}.Release|x86.ActiveCfg = Release|Any CPU
		{9346D0D6-08FC-4FBE-8BA0-C67D3141BFDE}.Release|x86.Build.0 = Release|Any CPU
		{DA5DD0A4-21CD-406D-913F-6489D7E57406}.Debug|Any CPU.ActiveCfg = Debug|Any CPU
		{DA5DD0A4-21CD-406D-913F-6489D7E57406}.Debug|Any CPU.Build.0 = Debug|Any CPU
		{DA5DD0A4-21CD-406D-913F-6489D7E57406}.Debug|x64.ActiveCfg = Debug|Any CPU
		{DA5DD0A4-21CD-406D-913F-6489D7E57406}.Debug|x64.Build.0 = Debug|Any CPU
		{DA5DD0A4-21CD-406D-913F-6489D7E57406}.Debug|x86.ActiveCfg = Debug|Any CPU
		{DA5DD0A4-21CD-406D-913F-6489D7E57406}.Debug|x86.Build.0 = Debug|Any CPU
		{DA5DD0A4-21CD-406D-913F-6489D7E57406}.Release|Any CPU.ActiveCfg = Release|Any CPU
		{DA5DD0A4-21CD-406D-913F-6489D7E57406}.Release|Any CPU.Build.0 = Release|Any CPU
		{DA5DD0A4-21CD-406D-913F-6489D7E57406}.Release|x64.ActiveCfg = Release|Any CPU
		{DA5DD0A4-21CD-406D-913F-6489D7E57406}.Release|x64.Build.0 = Release|Any CPU
		{DA5DD0A4-21CD-406D-913F-6489D7E57406}.Release|x86.ActiveCfg = Release|Any CPU
		{DA5DD0A4-21CD-406D-913F-6489D7E57406}.Release|x86.Build.0 = Release|Any CPU
		{3D31BD49-0383-4543-8485-9A7A10F25BDB}.Debug|Any CPU.ActiveCfg = Debug|Any CPU
		{3D31BD49-0383-4543-8485-9A7A10F25BDB}.Debug|Any CPU.Build.0 = Debug|Any CPU
		{3D31BD49-0383-4543-8485-9A7A10F25BDB}.Debug|x64.ActiveCfg = Debug|Any CPU
		{3D31BD49-0383-4543-8485-9A7A10F25BDB}.Debug|x64.Build.0 = Debug|Any CPU
		{3D31BD49-0383-4543-8485-9A7A10F25BDB}.Debug|x86.ActiveCfg = Debug|Any CPU
		{3D31BD49-0383-4543-8485-9A7A10F25BDB}.Debug|x86.Build.0 = Debug|Any CPU
		{3D31BD49-0383-4543-8485-9A7A10F25BDB}.Release|Any CPU.ActiveCfg = Release|Any CPU
		{3D31BD49-0383-4543-8485-9A7A10F25BDB}.Release|Any CPU.Build.0 = Release|Any CPU
		{3D31BD49-0383-4543-8485-9A7A10F25BDB}.Release|x64.ActiveCfg = Release|Any CPU
		{3D31BD49-0383-4543-8485-9A7A10F25BDB}.Release|x64.Build.0 = Release|Any CPU
		{3D31BD49-0383-4543-8485-9A7A10F25BDB}.Release|x86.ActiveCfg = Release|Any CPU
		{3D31BD49-0383-4543-8485-9A7A10F25BDB}.Release|x86.Build.0 = Release|Any CPU
		# {21642C52-432A-40A5-AF70-DB1298D0CA2C}.Debug|Any CPU.ActiveCfg = Debug|Any CPU
		# {21642C52-432A-40A5-AF70-DB1298D0CA2C}.Debug|Any CPU.Build.0 = Debug|Any CPU
		# {21642C52-432A-40A5-AF70-DB1298D0CA2C}.Debug|x64.ActiveCfg = Debug|Any CPU
		# {21642C52-432A-40A5-AF70-DB1298D0CA2C}.Debug|x64.Build.0 = Debug|Any CPU
		# {21642C52-432A-40A5-AF70-DB1298D0CA2C}.Debug|x86.ActiveCfg = Debug|Any CPU
		# {21642C52-432A-40A5-AF70-DB1298D0CA2C}.Debug|x86.Build.0 = Debug|Any CPU
		# {21642C52-432A-40A5-AF70-DB1298D0CA2C}.Release|Any CPU.ActiveCfg = Release|Any CPU
		# {21642C52-432A-40A5-AF70-DB1298D0CA2C}.Release|Any CPU.Build.0 = Release|Any CPU
		# {21642C52-432A-40A5-AF70-DB1298D0CA2C}.Release|x64.ActiveCfg = Release|Any CPU
		# {21642C52-432A-40A5-AF70-DB1298D0CA2C}.Release|x64.Build.0 = Release|Any CPU
		# {21642C52-432A-40A5-AF70-DB1298D0CA2C}.Release|x86.ActiveCfg = Release|Any CPU
		# {21642C52-432A-40A5-AF70-DB1298D0CA2C}.Release|x86.Build.0 = Release|Any CPU
	EndGlobalSection
	GlobalSection(SolutionProperties) = preSolution
		HideSolutionNode = FALSE
	EndGlobalSection
	GlobalSection(NestedProjects) = preSolution
		{0F9113EE-888A-26D2-68B0-4A7D0A2A8745} = {1AE8ACA6-933B-BF2A-3671-3E2EAC007D16}
		{EEE56C0D-9DF2-41BE-9FBA-6CBDE6DB73AC} = {0F9113EE-888A-26D2-68B0-4A7D0A2A8745}
		{CD62384C-D935-4B5D-9929-F127520FAC7F} = {0F9113EE-888A-26D2-68B0-4A7D0A2A8745}
		{E077252B-9387-4420-B5BD-C6D1AA545ECC} = {0F9113EE-888A-26D2-68B0-4A7D0A2A8745}
		{9E58BF09-0D32-440D-87D6-1C918EDF3161} = {0F9113EE-888A-26D2-68B0-4A7D0A2A8745}
		{E40BF17A-E631-09D5-7889-66BEE0F9AB0F} = {CE609670-85B9-0D16-FB54-ED063D5D8A6D}
		{9346D0D6-08FC-4FBE-8BA0-C67D3141BFDE} = {E40BF17A-E631-09D5-7889-66BEE0F9AB0F}
		{F57642F3-C37C-D174-720E-6A6AAD5BEE22} = {1AE8ACA6-933B-BF2A-3671-3E2EAC007D16}
		{DA5DD0A4-21CD-406D-913F-6489D7E57406} = {F57642F3-C37C-D174-720E-6A6AAD5BEE22}
		{3D31BD49-0383-4543-8485-9A7A10F25BDB} = {F57642F3-C37C-D174-720E-6A6AAD5BEE22}
		{582FDB09-C0FC-D983-E123-58781FC5EDAF} = {CE609670-85B9-0D16-FB54-ED063D5D8A6D}
		# {21642C52-432A-40A5-AF70-DB1298D0CA2C} = {582FDB09-C0FC-D983-E123-58781FC5EDAF}
	EndGlobalSection
EndGlobal
